// !$*UTF8*$!
{
	archiveVersion = 1;
	classes = {
	};
	objectVersion = 46;
	objects = {

/* Begin PBXBuildFile section */
		ABDDFC3D1848D824006EA5FD /* Foundation.framework in Frameworks */ = {isa = PBXBuildFile; fileRef = ABDDFC3C1848D824006EA5FD /* Foundation.framework */; };
		ABDDFC3F1848D824006EA5FD /* CoreGraphics.framework in Frameworks */ = {isa = PBXBuildFile; fileRef = ABDDFC3E1848D824006EA5FD /* CoreGraphics.framework */; };
		ABDDFC411848D824006EA5FD /* UIKit.framework in Frameworks */ = {isa = PBXBuildFile; fileRef = ABDDFC401848D824006EA5FD /* UIKit.framework */; };
		ABDDFC471848D825006EA5FD /* InfoPlist.strings in Resources */ = {isa = PBXBuildFile; fileRef = ABDDFC451848D825006EA5FD /* InfoPlist.strings */; };
		ABDDFC491848D825006EA5FD /* main.m in Sources */ = {isa = PBXBuildFile; fileRef = ABDDFC481848D825006EA5FD /* main.m */; };
		ABDDFC4D1848D825006EA5FD /* AppDelegate.m in Sources */ = {isa = PBXBuildFile; fileRef = ABDDFC4C1848D825006EA5FD /* AppDelegate.m */; };
		ABDDFC4F1848D825006EA5FD /* Images.xcassets in Resources */ = {isa = PBXBuildFile; fileRef = ABDDFC4E1848D825006EA5FD /* Images.xcassets */; };
		ABDDFC561848D825006EA5FD /* XCTest.framework in Frameworks */ = {isa = PBXBuildFile; fileRef = ABDDFC551848D825006EA5FD /* XCTest.framework */; };
		ABDDFC571848D825006EA5FD /* Foundation.framework in Frameworks */ = {isa = PBXBuildFile; fileRef = ABDDFC3C1848D824006EA5FD /* Foundation.framework */; };
		ABDDFC581848D825006EA5FD /* UIKit.framework in Frameworks */ = {isa = PBXBuildFile; fileRef = ABDDFC401848D824006EA5FD /* UIKit.framework */; };
		ABDDFC601848D825006EA5FD /* InfoPlist.strings in Resources */ = {isa = PBXBuildFile; fileRef = ABDDFC5E1848D825006EA5FD /* InfoPlist.strings */; };
		ABDDFC621848D825006EA5FD /* AppickerTests.m in Sources */ = {isa = PBXBuildFile; fileRef = ABDDFC611848D825006EA5FD /* AppickerTests.m */; };
		ABDDFC6E1848D864006EA5FD /* MainViewControler.m in Sources */ = {isa = PBXBuildFile; fileRef = ABDDFC6C1848D864006EA5FD /* MainViewControler.m */; };
		ABDDFC6F1848D864006EA5FD /* MainViewControler.xib in Resources */ = {isa = PBXBuildFile; fileRef = ABDDFC6D1848D864006EA5FD /* MainViewControler.xib */; };
		ABDDFC731848D883006EA5FD /* DatePickerViewController.m in Sources */ = {isa = PBXBuildFile; fileRef = ABDDFC711848D883006EA5FD /* DatePickerViewController.m */; };
		ABDDFC741848D883006EA5FD /* DatePickerViewController.xib in Resources */ = {isa = PBXBuildFile; fileRef = ABDDFC721848D883006EA5FD /* DatePickerViewController.xib */; };
/* End PBXBuildFile section */

/* Begin PBXContainerItemProxy section */
		ABDDFC591848D825006EA5FD /* PBXContainerItemProxy */ = {
			isa = PBXContainerItemProxy;
			containerPortal = ABDDFC311848D824006EA5FD /* Project object */;
			proxyType = 1;
			remoteGlobalIDString = ABDDFC381848D824006EA5FD;
			remoteInfo = Appicker;
		};
/* End PBXContainerItemProxy section */

/* Begin PBXFileReference section */
		ABDDFC391848D824006EA5FD /* Appicker.app */ = {isa = PBXFileReference; explicitFileType = wrapper.application; includeInIndex = 0; path = Appicker.app; sourceTree = BUILT_PRODUCTS_DIR; };
		ABDDFC3C1848D824006EA5FD /* Foundation.framework */ = {isa = PBXFileReference; lastKnownFileType = wrapper.framework; name = Foundation.framework; path = System/Library/Frameworks/Foundation.framework; sourceTree = SDKROOT; };
		ABDDFC3E1848D824006EA5FD /* CoreGraphics.framework */ = {isa = PBXFileReference; lastKnownFileType = wrapper.framework; name = CoreGraphics.framework; path = System/Library/Frameworks/CoreGraphics.framework; sourceTree = SDKROOT; };
		ABDDFC401848D824006EA5FD /* UIKit.framework */ = {isa = PBXFileReference; lastKnownFileType = wrapper.framework; name = UIKit.framework; path = System/Library/Frameworks/UIKit.framework; sourceTree = SDKROOT; };
		ABDDFC441848D825006EA5FD /* Appicker-Info.plist */ = {isa = PBXFileReference; lastKnownFileType = text.plist.xml; path = "Appicker-Info.plist"; sourceTree = "<group>"; };
		ABDDFC461848D825006EA5FD /* en */ = {isa = PBXFileReference; lastKnownFileType = text.plist.strings; name = en; path = en.lproj/InfoPlist.strings; sourceTree = "<group>"; };
		ABDDFC481848D825006EA5FD /* main.m */ = {isa = PBXFileReference; lastKnownFileType = sourcecode.c.objc; path = main.m; sourceTree = "<group>"; };
		ABDDFC4A1848D825006EA5FD /* Appicker-Prefix.pch */ = {isa = PBXFileReference; lastKnownFileType = sourcecode.c.h; path = "Appicker-Prefix.pch"; sourceTree = "<group>"; };
		ABDDFC4B1848D825006EA5FD /* AppDelegate.h */ = {isa = PBXFileReference; lastKnownFileType = sourcecode.c.h; path = AppDelegate.h; sourceTree = "<group>"; };
		ABDDFC4C1848D825006EA5FD /* AppDelegate.m */ = {isa = PBXFileReference; lastKnownFileType = sourcecode.c.objc; path = AppDelegate.m; sourceTree = "<group>"; };
		ABDDFC4E1848D825006EA5FD /* Images.xcassets */ = {isa = PBXFileReference; lastKnownFileType = folder.assetcatalog; path = Images.xcassets; sourceTree = "<group>"; };
		ABDDFC541848D825006EA5FD /* AppickerTests.xctest */ = {isa = PBXFileReference; explicitFileType = wrapper.cfbundle; includeInIndex = 0; path = AppickerTests.xctest; sourceTree = BUILT_PRODUCTS_DIR; };
		ABDDFC551848D825006EA5FD /* XCTest.framework */ = {isa = PBXFileReference; lastKnownFileType = wrapper.framework; name = XCTest.framework; path = Library/Frameworks/XCTest.framework; sourceTree = DEVELOPER_DIR; };
		ABDDFC5D1848D825006EA5FD /* AppickerTests-Info.plist */ = {isa = PBXFileReference; lastKnownFileType = text.plist.xml; path = "AppickerTests-Info.plist"; sourceTree = "<group>"; };
		ABDDFC5F1848D825006EA5FD /* en */ = {isa = PBXFileReference; lastKnownFileType = text.plist.strings; name = en; path = en.lproj/InfoPlist.strings; sourceTree = "<group>"; };
		ABDDFC611848D825006EA5FD /* AppickerTests.m */ = {isa = PBXFileReference; lastKnownFileType = sourcecode.c.objc; path = AppickerTests.m; sourceTree = "<group>"; };
		ABDDFC6B1848D864006EA5FD /* MainViewControler.h */ = {isa = PBXFileReference; fileEncoding = 4; lastKnownFileType = sourcecode.c.h; path = MainViewControler.h; sourceTree = "<group>"; };
		ABDDFC6C1848D864006EA5FD /* MainViewControler.m */ = {isa = PBXFileReference; fileEncoding = 4; lastKnownFileType = sourcecode.c.objc; path = MainViewControler.m; sourceTree = "<group>"; };
		ABDDFC6D1848D864006EA5FD /* MainViewControler.xib */ = {isa = PBXFileReference; fileEncoding = 4; lastKnownFileType = file.xib; path = MainViewControler.xib; sourceTree = "<group>"; };
		ABDDFC701848D883006EA5FD /* DatePickerViewController.h */ = {isa = PBXFileReference; fileEncoding = 4; lastKnownFileType = sourcecode.c.h; path = DatePickerViewController.h; sourceTree = "<group>"; };
		ABDDFC711848D883006EA5FD /* DatePickerViewController.m */ = {isa = PBXFileReference; fileEncoding = 4; lastKnownFileType = sourcecode.c.objc; path = DatePickerViewController.m; sourceTree = "<group>"; };
		ABDDFC721848D883006EA5FD /* DatePickerViewController.xib */ = {isa = PBXFileReference; fileEncoding = 4; lastKnownFileType = file.xib; path = DatePickerViewController.xib; sourceTree = "<group>"; };
/* End PBXFileReference section */

/* Begin PBXFrameworksBuildPhase section */
		ABDDFC361848D824006EA5FD /* Frameworks */ = {
			isa = PBXFrameworksBuildPhase;
			buildActionMask = 2147483647;
			files = (
				ABDDFC3F1848D824006EA5FD /* CoreGraphics.framework in Frameworks */,
				ABDDFC411848D824006EA5FD /* UIKit.framework in Frameworks */,
				ABDDFC3D1848D824006EA5FD /* Foundation.framework in Frameworks */,
			);
			runOnlyForDeploymentPostprocessing = 0;
		};
		ABDDFC511848D825006EA5FD /* Frameworks */ = {
			isa = PBXFrameworksBuildPhase;
			buildActionMask = 2147483647;
			files = (
				ABDDFC561848D825006EA5FD /* XCTest.framework in Frameworks */,
				ABDDFC581848D825006EA5FD /* UIKit.framework in Frameworks */,
				ABDDFC571848D825006EA5FD /* Foundation.framework in Frameworks */,
			);
			runOnlyForDeploymentPostprocessing = 0;
		};
/* End PBXFrameworksBuildPhase section */

/* Begin PBXGroup section */
		ABDDFC301848D824006EA5FD = {
			isa = PBXGroup;
			children = (
				ABDDFC701848D883006EA5FD /* DatePickerViewController.h */,
				ABDDFC711848D883006EA5FD /* DatePickerViewController.m */,
				ABDDFC721848D883006EA5FD /* DatePickerViewController.xib */,
				ABDDFC6B1848D864006EA5FD /* MainViewControler.h */,
				ABDDFC6C1848D864006EA5FD /* MainViewControler.m */,
				ABDDFC6D1848D864006EA5FD /* MainViewControler.xib */,
				ABDDFC421848D825006EA5FD /* Appicker */,
				ABDDFC5B1848D825006EA5FD /* AppickerTests */,
				ABDDFC3B1848D824006EA5FD /* Frameworks */,
				ABDDFC3A1848D824006EA5FD /* Products */,
			);
			sourceTree = "<group>";
		};
		ABDDFC3A1848D824006EA5FD /* Products */ = {
			isa = PBXGroup;
			children = (
				ABDDFC391848D824006EA5FD /* Appicker.app */,
				ABDDFC541848D825006EA5FD /* AppickerTests.xctest */,
			);
			name = Products;
			sourceTree = "<group>";
		};
		ABDDFC3B1848D824006EA5FD /* Frameworks */ = {
			isa = PBXGroup;
			children = (
				ABDDFC3C1848D824006EA5FD /* Foundation.framework */,
				ABDDFC3E1848D824006EA5FD /* CoreGraphics.framework */,
				ABDDFC401848D824006EA5FD /* UIKit.framework */,
				ABDDFC551848D825006EA5FD /* XCTest.framework */,
			);
			name = Frameworks;
			sourceTree = "<group>";
		};
		ABDDFC421848D825006EA5FD /* Appicker */ = {
			isa = PBXGroup;
			children = (
				ABDDFC4B1848D825006EA5FD /* AppDelegate.h */,
				ABDDFC4C1848D825006EA5FD /* AppDelegate.m */,
				ABDDFC4E1848D825006EA5FD /* Images.xcassets */,
				ABDDFC431848D825006EA5FD /* Supporting Files */,
			);
			path = Appicker;
			sourceTree = "<group>";
		};
		ABDDFC431848D825006EA5FD /* Supporting Files */ = {
			isa = PBXGroup;
			children = (
				ABDDFC441848D825006EA5FD /* Appicker-Info.plist */,
				ABDDFC451848D825006EA5FD /* InfoPlist.strings */,
				ABDDFC481848D825006EA5FD /* main.m */,
				ABDDFC4A1848D825006EA5FD /* Appicker-Prefix.pch */,
			);
			name = "Supporting Files";
			sourceTree = "<group>";
		};
		ABDDFC5B1848D825006EA5FD /* AppickerTests */ = {
			isa = PBXGroup;
			children = (
				ABDDFC611848D825006EA5FD /* AppickerTests.m */,
				ABDDFC5C1848D825006EA5FD /* Supporting Files */,
			);
			path = AppickerTests;
			sourceTree = "<group>";
		};
		ABDDFC5C1848D825006EA5FD /* Supporting Files */ = {
			isa = PBXGroup;
			children = (
				ABDDFC5D1848D825006EA5FD /* AppickerTests-Info.plist */,
				ABDDFC5E1848D825006EA5FD /* InfoPlist.strings */,
			);
			name = "Supporting Files";
			sourceTree = "<group>";
		};
/* End PBXGroup section */

/* Begin PBXNativeTarget section */
		ABDDFC381848D824006EA5FD /* Appicker */ = {
			isa = PBXNativeTarget;
			buildConfigurationList = ABDDFC651848D825006EA5FD /* Build configuration list for PBXNativeTarget "Appicker" */;
			buildPhases = (
				ABDDFC351848D824006EA5FD /* Sources */,
				ABDDFC361848D824006EA5FD /* Frameworks */,
				ABDDFC371848D824006EA5FD /* Resources */,
			);
			buildRules = (
			);
			dependencies = (
			);
			name = Appicker;
			productName = Appicker;
			productReference = ABDDFC391848D824006EA5FD /* Appicker.app */;
			productType = "com.apple.product-type.application";
		};
		ABDDFC531848D825006EA5FD /* AppickerTests */ = {
			isa = PBXNativeTarget;
			buildConfigurationList = ABDDFC681848D825006EA5FD /* Build configuration list for PBXNativeTarget "AppickerTests" */;
			buildPhases = (
				ABDDFC501848D825006EA5FD /* Sources */,
				ABDDFC511848D825006EA5FD /* Frameworks */,
				ABDDFC521848D825006EA5FD /* Resources */,
			);
			buildRules = (
			);
			dependencies = (
				ABDDFC5A1848D825006EA5FD /* PBXTargetDependency */,
			);
			name = AppickerTests;
			productName = AppickerTests;
			productReference = ABDDFC541848D825006EA5FD /* AppickerTests.xctest */;
			productType = "com.apple.product-type.bundle.unit-test";
		};
/* End PBXNativeTarget section */

/* Begin PBXProject section */
		ABDDFC311848D824006EA5FD /* Project object */ = {
			isa = PBXProject;
			attributes = {
				LastUpgradeCheck = 0500;
				ORGANIZATIONNAME = 9zuehlke;
				TargetAttributes = {
					ABDDFC531848D825006EA5FD = {
						TestTargetID = ABDDFC381848D824006EA5FD;
					};
				};
			};
			buildConfigurationList = ABDDFC341848D824006EA5FD /* Build configuration list for PBXProject "Appicker" */;
			compatibilityVersion = "Xcode 3.2";
			developmentRegion = English;
			hasScannedForEncodings = 0;
			knownRegions = (
				en,
			);
			mainGroup = ABDDFC301848D824006EA5FD;
			productRefGroup = ABDDFC3A1848D824006EA5FD /* Products */;
			projectDirPath = "";
			projectRoot = "";
			targets = (
				ABDDFC381848D824006EA5FD /* Appicker */,
				ABDDFC531848D825006EA5FD /* AppickerTests */,
			);
		};
/* End PBXProject section */

/* Begin PBXResourcesBuildPhase section */
		ABDDFC371848D824006EA5FD /* Resources */ = {
			isa = PBXResourcesBuildPhase;
			buildActionMask = 2147483647;
			files = (
				ABDDFC741848D883006EA5FD /* DatePickerViewController.xib in Resources */,
				ABDDFC471848D825006EA5FD /* InfoPlist.strings in Resources */,
				ABDDFC6F1848D864006EA5FD /* MainViewControler.xib in Resources */,
				ABDDFC4F1848D825006EA5FD /* Images.xcassets in Resources */,
			);
			runOnlyForDeploymentPostprocessing = 0;
		};
		ABDDFC521848D825006EA5FD /* Resources */ = {
			isa = PBXResourcesBuildPhase;
			buildActionMask = 2147483647;
			files = (
				ABDDFC601848D825006EA5FD /* InfoPlist.strings in Resources */,
			);
			runOnlyForDeploymentPostprocessing = 0;
		};
/* End PBXResourcesBuildPhase section */

/* Begin PBXSourcesBuildPhase section */
		ABDDFC351848D824006EA5FD /* Sources */ = {
			isa = PBXSourcesBuildPhase;
			buildActionMask = 2147483647;
			files = (
				ABDDFC731848D883006EA5FD /* DatePickerViewController.m in Sources */,
				ABDDFC4D1848D825006EA5FD /* AppDelegate.m in Sources */,
				ABDDFC6E1848D864006EA5FD /* MainViewControler.m in Sources */,
				ABDDFC491848D825006EA5FD /* main.m in Sources */,
			);
			runOnlyForDeploymentPostprocessing = 0;
		};
		ABDDFC501848D825006EA5FD /* Sources */ = {
			isa = PBXSourcesBuildPhase;
			buildActionMask = 2147483647;
			files = (
				ABDDFC621848D825006EA5FD /* AppickerTests.m in Sources */,
			);
			runOnlyForDeploymentPostprocessing = 0;
		};
/* End PBXSourcesBuildPhase section */

/* Begin PBXTargetDependency section */
		ABDDFC5A1848D825006EA5FD /* PBXTargetDependency */ = {
			isa = PBXTargetDependency;
			target = ABDDFC381848D824006EA5FD /* Appicker */;
			targetProxy = ABDDFC591848D825006EA5FD /* PBXContainerItemProxy */;
		};
/* End PBXTargetDependency section */

/* Begin PBXVariantGroup section */
		ABDDFC451848D825006EA5FD /* InfoPlist.strings */ = {
			isa = PBXVariantGroup;
			children = (
				ABDDFC461848D825006EA5FD /* en */,
			);
			name = InfoPlist.strings;
			sourceTree = "<group>";
		};
		ABDDFC5E1848D825006EA5FD /* InfoPlist.strings */ = {
			isa = PBXVariantGroup;
			children = (
				ABDDFC5F1848D825006EA5FD /* en */,
			);
			name = InfoPlist.strings;
			sourceTree = "<group>";
		};
/* End PBXVariantGroup section */

/* Begin XCBuildConfiguration section */
		ABDDFC631848D825006EA5FD /* Debug */ = {
			isa = XCBuildConfiguration;
			buildSettings = {
				ALWAYS_SEARCH_USER_PATHS = NO;
				ARCHS = "$(ARCHS_STANDARD_INCLUDING_64_BIT)";
				CLANG_CXX_LANGUAGE_STANDARD = "gnu++0x";
				CLANG_CXX_LIBRARY = "libc++";
				CLANG_ENABLE_MODULES = YES;
				CLANG_ENABLE_OBJC_ARC = YES;
				CLANG_WARN_BOOL_CONVERSION = YES;
				CLANG_WARN_CONSTANT_CONVERSION = YES;
				CLANG_WARN_DIRECT_OBJC_ISA_USAGE = YES_ERROR;
				CLANG_WARN_EMPTY_BODY = YES;
				CLANG_WARN_ENUM_CONVERSION = YES;
				CLANG_WARN_INT_CONVERSION = YES;
				CLANG_WARN_OBJC_ROOT_CLASS = YES_ERROR;
				CLANG_WARN__DUPLICATE_METHOD_MATCH = YES;
				"CODE_SIGN_IDENTITY[sdk=iphoneos*]" = "iPhone Developer";
				COPY_PHASE_STRIP = NO;
				GCC_C_LANGUAGE_STANDARD = gnu99;
				GCC_DYNAMIC_NO_PIC = NO;
				GCC_OPTIMIZATION_LEVEL = 0;
				GCC_PREPROCESSOR_DEFINITIONS = (
					"DEBUG=1",
					"$(inherited)",
				);
				GCC_SYMBOLS_PRIVATE_EXTERN = NO;
				GCC_WARN_64_TO_32_BIT_CONVERSION = YES;
				GCC_WARN_ABOUT_RETURN_TYPE = YES_ERROR;
				GCC_WARN_UNDECLARED_SELECTOR = YES;
				GCC_WARN_UNINITIALIZED_AUTOS = YES;
				GCC_WARN_UNUSED_FUNCTION = YES;
				GCC_WARN_UNUSED_VARIABLE = YES;
				IPHONEOS_DEPLOYMENT_TARGET = 7.0;
				ONLY_ACTIVE_ARCH = YES;
				SDKROOT = iphoneos;
			};
			name = Debug;
		};
		ABDDFC641848D825006EA5FD /* Release */ = {
			isa = XCBuildConfiguration;
			buildSettings = {
				ALWAYS_SEARCH_USER_PATHS = NO;
				ARCHS = "$(ARCHS_STANDARD_INCLUDING_64_BIT)";
				CLANG_CXX_LANGUAGE_STANDARD = "gnu++0x";
				CLANG_CXX_LIBRARY = "libc++";
				CLANG_ENABLE_MODULES = YES;
				CLANG_ENABLE_OBJC_ARC = YES;
				CLANG_WARN_BOOL_CONVERSION = YES;
				CLANG_WARN_CONSTANT_CONVERSION = YES;
				CLANG_WARN_DIRECT_OBJC_ISA_USAGE = YES_ERROR;
				CLANG_WARN_EMPTY_BODY = YES;
				CLANG_WARN_ENUM_CONVERSION = YES;
				CLANG_WARN_INT_CONVERSION = YES;
				CLANG_WARN_OBJC_ROOT_CLASS = YES_ERROR;
				CLANG_WARN__DUPLICATE_METHOD_MATCH = YES;
				"CODE_SIGN_IDENTITY[sdk=iphoneos*]" = "iPhone Developer";
				COPY_PHASE_STRIP = YES;
				ENABLE_NS_ASSERTIONS = NO;
				GCC_C_LANGUAGE_STANDARD = gnu99;
				GCC_WARN_64_TO_32_BIT_CONVERSION = YES;
				GCC_WARN_ABOUT_RETURN_TYPE = YES_ERROR;
				GCC_WARN_UNDECLARED_SELECTOR = YES;
				GCC_WARN_UNINITIALIZED_AUTOS = YES;
				GCC_WARN_UNUSED_FUNCTION = YES;
				GCC_WARN_UNUSED_VARIABLE = YES;
				IPHONEOS_DEPLOYMENT_TARGET = 7.0;
				SDKROOT = iphoneos;
				VALIDATE_PRODUCT = YES;
			};
			name = Release;
		};
		ABDDFC661848D825006EA5FD /* Debug */ = {
			isa = XCBuildConfiguration;
			buildSettings = {
				ASSETCATALOG_COMPILER_APPICON_NAME = AppIcon;
				ASSETCATALOG_COMPILER_LAUNCHIMAGE_NAME = LaunchImage;
				GCC_PRECOMPILE_PREFIX_HEADER = YES;
				GCC_PREFIX_HEADER = "Appicker/Appicker-Prefix.pch";
				INFOPLIST_FILE = "Appicker/Appicker-Info.plist";
				PRODUCT_NAME = "$(TARGET_NAME)";
				WRAPPER_EXTENSION = app;
			};
			name = Debug;
		};
		ABDDFC671848D825006EA5FD /* Release */ = {
			isa = XCBuildConfiguration;
			buildSettings = {
				ASSETCATALOG_COMPILER_APPICON_NAME = AppIcon;
				ASSETCATALOG_COMPILER_LAUNCHIMAGE_NAME = LaunchImage;
				GCC_PRECOMPILE_PREFIX_HEADER = YES;
				GCC_PREFIX_HEADER = "Appicker/Appicker-Prefix.pch";
				INFOPLIST_FILE = "Appicker/Appicker-Info.plist";
				PRODUCT_NAME = "$(TARGET_NAME)";
				WRAPPER_EXTENSION = app;
			};
			name = Release;
		};
		ABDDFC691848D825006EA5FD /* Debug */ = {
			isa = XCBuildConfiguration;
			buildSettings = {
				ARCHS = "$(ARCHS_STANDARD_INCLUDING_64_BIT)";
				BUNDLE_LOADER = "$(BUILT_PRODUCTS_DIR)/Appicker.app/Appicker";
				FRAMEWORK_SEARCH_PATHS = (
					"$(SDKROOT)/Developer/Library/Frameworks",
					"$(inherited)",
					"$(DEVELOPER_FRAMEWORKS_DIR)",
				);
				GCC_PRECOMPILE_PREFIX_HEADER = YES;
				GCC_PREFIX_HEADER = "Appicker/Appicker-Prefix.pch";
				GCC_PREPROCESSOR_DEFINITIONS = (
					"DEBUG=1",
					"$(inherited)",
				);
				INFOPLIST_FILE = "AppickerTests/AppickerTests-Info.plist";
				PRODUCT_NAME = "$(TARGET_NAME)";
				TEST_HOST = "$(BUNDLE_LOADER)";
				WRAPPER_EXTENSION = xctest;
			};
			name = Debug;
		};
		ABDDFC6A1848D825006EA5FD /* Release */ = {
			isa = XCBuildConfiguration;
			buildSettings = {
				ARCHS = "$(ARCHS_STANDARD_INCLUDING_64_BIT)";
				BUNDLE_LOADER = "$(BUILT_PRODUCTS_DIR)/Appicker.app/Appicker";
				FRAMEWORK_SEARCH_PATHS = (
					"$(SDKROOT)/Developer/Library/Frameworks",
					"$(inherited)",
					"$(DEVELOPER_FRAMEWORKS_DIR)",
				);
				GCC_PRECOMPILE_PREFIX_HEADER = YES;
				GCC_PREFIX_HEADER = "Appicker/Appicker-Prefix.pch";
				INFOPLIST_FILE = "AppickerTests/AppickerTests-Info.plist";
				PRODUCT_NAME = "$(TARGET_NAME)";
				TEST_HOST = "$(BUNDLE_LOADER)";
				WRAPPER_EXTENSION = xctest;
			};
			name = Release;
		};
/* End XCBuildConfiguration section */

/* Begin XCConfigurationList section */
		ABDDFC341848D824006EA5FD /* Build configuration list for PBXProject "Appicker" */ = {
			isa = XCConfigurationList;
			buildConfigurations = (
				ABDDFC631848D825006EA5FD /* Debug */,
				ABDDFC641848D825006EA5FD /* Release */,
			);
			defaultConfigurationIsVisible = 0;
			defaultConfigurationName = Release;
		};
		ABDDFC651848D825006EA5FD /* Build configuration list for PBXNativeTarget "Appicker" */ = {
			isa = XCConfigurationList;
			buildConfigurations = (
				ABDDFC661848D825006EA5FD /* Debug */,
				ABDDFC671848D825006EA5FD /* Release */,
			);
			defaultConfigurationIsVisible = 0;
		};
		ABDDFC681848D825006EA5FD /* Build configuration list for PBXNativeTarget "AppickerTests" */ = {
			isa = XCConfigurationList;
			buildConfigurations = (
				ABDDFC691848D825006EA5FD /* Debug */,
				ABDDFC6A1848D825006EA5FD /* Release */,
			);
			defaultConfigurationIsVisible = 0;
		};
/* End XCConfigurationList section */
	};
	rootObject = ABDDFC311848D824006EA5FD /* Project object */;
}
